
Microsoft Visual Studio Solution File, Format Version 12.00
# Visual Studio Version 17
VisualStudioVersion = 17.5.33516.290
MinimumVisualStudioVersion = 10.0.40219.1
Project("{FAE04EC0-301F-11D3-BF4B-00C04F79EFBC}") = "WCFInsertInventoryService", "WCFInsertInventoryService\WCFInsertInventoryService.csproj", "{0E9E1940-F6F4-4875-BE5F-FA1AB8AA27CB}"
EndProject
Project("{FAE04EC0-301F-11D3-BF4B-00C04F79EFBC}") = "BusinessObject", "BusinessObject\BusinessObject.csproj", "{AF9D1C7F-4206-4DCC-A179-C844296EA50E}"
EndProject
Project("{FAE04EC0-301F-11D3-BF4B-00C04F79EFBC}") = "DataAccess", "DataAccess\DataAccess.csproj", "{5D6D3C10-833B-4551-B522-C81F50DE344E}"
EndProject
Project("{FAE04EC0-301F-11D3-BF4B-00C04F79EFBC}") = "WCFHost", "WCFHost\WCFHost.csproj", "{3DF28A35-638F-427B-BAE2-028C9D0F7D7C}"
EndProject
Global
	GlobalSection(SolutionConfigurationPlatforms) = preSolution
		Debug|Any CPU = Debug|Any CPU
		Release|Any CPU = Release|Any CPU
	EndGlobalSection
	GlobalSection(ProjectConfigurationPlatforms) = postSolution
		{0E9E1940-F6F4-4875-BE5F-FA1AB8AA27CB}.Debug|Any CPU.ActiveCfg = Debug|Any CPU
		{0E9E1940-F6F4-4875-BE5F-FA1AB8AA27CB}.Debug|Any CPU.Build.0 = Debug|Any CPU
		{0E9E1940-F6F4-4875-BE5F-FA1AB8AA27CB}.Release|Any CPU.ActiveCfg = Release|Any CPU
		{0E9E1940-F6F4-4875-BE5F-FA1AB8AA27CB}.Release|Any CPU.Build.0 = Release|Any CPU
		{AF9D1C7F-4206-4DCC-A179-C844296EA50E}.Debug|Any CPU.ActiveCfg = Debug|Any CPU
		{AF9D1C7F-4206-4DCC-A179-C844296EA50E}.Debug|Any CPU.Build.0 = Debug|Any CPU
		{AF9D1C7F-4206-4DCC-A179-C844296EA50E}.Release|Any CPU.ActiveCfg = Release|Any CPU
		{AF9D1C7F-4206-4DCC-A179-C844296EA50E}.Release|Any CPU.Build.0 = Release|Any CPU
		{5D6D3C10-833B-4551-B522-C81F50DE344E}.Debug|Any CPU.ActiveCfg = Debug|Any CPU
		{5D6D3C10-833B-4551-B522-C81F50DE344E}.Debug|Any CPU.Build.0 = Debug|Any CPU
		{5D6D3C10-833B-4551-B522-C81F50DE344E}.Release|Any CPU.ActiveCfg = Release|Any CPU
		{5D6D3C10-833B-4551-B522-C81F50DE344E}.Release|Any CPU.Build.0 = Release|Any CPU
		{3DF28A35-638F-427B-BAE2-028C9D0F7D7C}.Debug|Any CPU.ActiveCfg = Debug|Any CPU
		{3DF28A35-638F-427B-BAE2-028C9D0F7D7C}.Debug|Any CPU.Build.0 = Debug|Any CPU
		{3DF28A35-638F-427B-BAE2-028C9D0F7D7C}.Release|Any CPU.ActiveCfg = Release|Any CPU
		{3DF28A35-638F-427B-BAE2-028C9D0F7D7C}.Release|Any CPU.Build.0 = Release|Any CPU
	EndGlobalSection
	GlobalSection(SolutionProperties) = preSolution
		HideSolutionNode = FALSE
	EndGlobalSection
	GlobalSection(ExtensibilityGlobals) = postSolution
		SolutionGuid = {EA0276CA-80C6-49E8-9B93-45CA8EC216E9}
	EndGlobalSection
EndGlobal
